// !$*UTF8*$!
{
	archiveVersion = 1;
	classes = {
	};
	objectVersion = 55;
	objects = {

/* Begin PBXBuildFile section */
		A13B7F1028A395FE0079226D /* AppDIContainer.swift in Sources */ = {isa = PBXBuildFile; fileRef = A13B7F0F28A395FE0079226D /* AppDIContainer.swift */; };
		A13B7F1228A396520079226D /* AppCoordinator.swift in Sources */ = {isa = PBXBuildFile; fileRef = A13B7F1128A396520079226D /* AppCoordinator.swift */; };
		A13B7F1728A397FF0079226D /* UserListViewModel.swift in Sources */ = {isa = PBXBuildFile; fileRef = A13B7F1628A397FF0079226D /* UserListViewModel.swift */; };
		A13B7F1928A3981B0079226D /* UserListViewController.swift in Sources */ = {isa = PBXBuildFile; fileRef = A13B7F1828A3981B0079226D /* UserListViewController.swift */; };
		A13B7F1B28A398750079226D /* User.swift in Sources */ = {isa = PBXBuildFile; fileRef = A13B7F1A28A398750079226D /* User.swift */; };
		A13B7F1D28A398C70079226D /* UserUseCase.swift in Sources */ = {isa = PBXBuildFile; fileRef = A13B7F1C28A398C70079226D /* UserUseCase.swift */; };
		A1CA8CA628A39B3400C40642 /* UserRepositoriable.swift in Sources */ = {isa = PBXBuildFile; fileRef = A1CA8CA528A39B3400C40642 /* UserRepositoriable.swift */; };
		A1CA8CA828A39B4D00C40642 /* UserRepository.swift in Sources */ = {isa = PBXBuildFile; fileRef = A1CA8CA728A39B4D00C40642 /* UserRepository.swift */; };
		A1CA8CAA28A39B8A00C40642 /* UserStorage.swift in Sources */ = {isa = PBXBuildFile; fileRef = A1CA8CA928A39B8A00C40642 /* UserStorage.swift */; };
		A1CA8CAC28A39BDC00C40642 /* UserListViewCoordinator.swift in Sources */ = {isa = PBXBuildFile; fileRef = A1CA8CAB28A39BDC00C40642 /* UserListViewCoordinator.swift */; };
		A1CA8CAE28A39CAF00C40642 /* UserSceneDIContainer.swift in Sources */ = {isa = PBXBuildFile; fileRef = A1CA8CAD28A39CAF00C40642 /* UserSceneDIContainer.swift */; };
		A1CA8CB028A39FB600C40642 /* UserListView.swift in Sources */ = {isa = PBXBuildFile; fileRef = A1CA8CAF28A39FB600C40642 /* UserListView.swift */; };
		A1CA8CB328A3DC7C00C40642 /* Realm in Frameworks */ = {isa = PBXBuildFile; productRef = A1CA8CB228A3DC7C00C40642 /* Realm */; };
		A1CA8CB528A3DC7C00C40642 /* RealmSwift in Frameworks */ = {isa = PBXBuildFile; productRef = A1CA8CB428A3DC7C00C40642 /* RealmSwift */; };
		A1CA8CB828A3E7BA00C40642 /* UserResponseDTO.swift in Sources */ = {isa = PBXBuildFile; fileRef = A1CA8CB728A3E7BA00C40642 /* UserResponseDTO.swift */; };
		A1CA8CBB28A3F31C00C40642 /* UserListTableViewCell.swift in Sources */ = {isa = PBXBuildFile; fileRef = A1CA8CBA28A3F31C00C40642 /* UserListTableViewCell.swift */; };
		A1CA8CBF28A3F37000C40642 /* UITableViewCell.swift in Sources */ = {isa = PBXBuildFile; fileRef = A1CA8CBE28A3F37000C40642 /* UITableViewCell.swift */; };
		A1CA8CC128A3FBF300C40642 /* UIStackView.swift in Sources */ = {isa = PBXBuildFile; fileRef = A1CA8CC028A3FBF300C40642 /* UIStackView.swift */; };
		A1CA8CC328A402DA00C40642 /* UserListCellViewModel.swift in Sources */ = {isa = PBXBuildFile; fileRef = A1CA8CC228A402DA00C40642 /* UserListCellViewModel.swift */; };
		A1CC0C5528A37C1F00C7D4B7 /* AppDelegate.swift in Sources */ = {isa = PBXBuildFile; fileRef = A1CC0C5428A37C1F00C7D4B7 /* AppDelegate.swift */; };
		A1CC0C5728A37C1F00C7D4B7 /* SceneDelegate.swift in Sources */ = {isa = PBXBuildFile; fileRef = A1CC0C5628A37C1F00C7D4B7 /* SceneDelegate.swift */; };
		A1CC0C5E28A37C2100C7D4B7 /* Assets.xcassets in Resources */ = {isa = PBXBuildFile; fileRef = A1CC0C5D28A37C2100C7D4B7 /* Assets.xcassets */; };
		A1CC0C6128A37C2100C7D4B7 /* LaunchScreen.storyboard in Resources */ = {isa = PBXBuildFile; fileRef = A1CC0C5F28A37C2100C7D4B7 /* LaunchScreen.storyboard */; };
		A1CC0C6C28A37C2100C7D4B7 /* GithubUsersTests.swift in Sources */ = {isa = PBXBuildFile; fileRef = A1CC0C6B28A37C2100C7D4B7 /* GithubUsersTests.swift */; };
		A1CC0C7628A37C2100C7D4B7 /* GithubUsersUITests.swift in Sources */ = {isa = PBXBuildFile; fileRef = A1CC0C7528A37C2100C7D4B7 /* GithubUsersUITests.swift */; };
		A1CC0C7828A37C2100C7D4B7 /* GithubUsersUITestsLaunchTests.swift in Sources */ = {isa = PBXBuildFile; fileRef = A1CC0C7728A37C2100C7D4B7 /* GithubUsersUITestsLaunchTests.swift */; };
		A1CC0C8628A386B900C7D4B7 /* RxCocoa-Dynamic in Frameworks */ = {isa = PBXBuildFile; productRef = A1CC0C8528A386B900C7D4B7 /* RxCocoa-Dynamic */; };
		A1CC0C8828A386B900C7D4B7 /* RxRelay-Dynamic in Frameworks */ = {isa = PBXBuildFile; productRef = A1CC0C8728A386B900C7D4B7 /* RxRelay-Dynamic */; };
		A1CC0C8A28A386B900C7D4B7 /* RxSwift-Dynamic in Frameworks */ = {isa = PBXBuildFile; productRef = A1CC0C8928A386B900C7D4B7 /* RxSwift-Dynamic */; };
		A1CC0C8D28A386EE00C7D4B7 /* SnapKit-Dynamic in Frameworks */ = {isa = PBXBuildFile; productRef = A1CC0C8C28A386EE00C7D4B7 /* SnapKit-Dynamic */; };
/* End PBXBuildFile section */

/* Begin PBXContainerItemProxy section */
		A1CC0C6828A37C2100C7D4B7 /* PBXContainerItemProxy */ = {
			isa = PBXContainerItemProxy;
			containerPortal = A1CC0C4928A37C1F00C7D4B7 /* Project object */;
			proxyType = 1;
			remoteGlobalIDString = A1CC0C5028A37C1F00C7D4B7;
			remoteInfo = GithubUsers;
		};
		A1CC0C7228A37C2100C7D4B7 /* PBXContainerItemProxy */ = {
			isa = PBXContainerItemProxy;
			containerPortal = A1CC0C4928A37C1F00C7D4B7 /* Project object */;
			proxyType = 1;
			remoteGlobalIDString = A1CC0C5028A37C1F00C7D4B7;
			remoteInfo = GithubUsers;
		};
/* End PBXContainerItemProxy section */

/* Begin PBXFileReference section */
		A13B7F0F28A395FE0079226D /* AppDIContainer.swift */ = {isa = PBXFileReference; lastKnownFileType = sourcecode.swift; path = AppDIContainer.swift; sourceTree = "<group>"; };
		A13B7F1128A396520079226D /* AppCoordinator.swift */ = {isa = PBXFileReference; lastKnownFileType = sourcecode.swift; path = AppCoordinator.swift; sourceTree = "<group>"; };
		A13B7F1628A397FF0079226D /* UserListViewModel.swift */ = {isa = PBXFileReference; lastKnownFileType = sourcecode.swift; path = UserListViewModel.swift; sourceTree = "<group>"; };
		A13B7F1828A3981B0079226D /* UserListViewController.swift */ = {isa = PBXFileReference; lastKnownFileType = sourcecode.swift; path = UserListViewController.swift; sourceTree = "<group>"; };
		A13B7F1A28A398750079226D /* User.swift */ = {isa = PBXFileReference; lastKnownFileType = sourcecode.swift; path = User.swift; sourceTree = "<group>"; };
		A13B7F1C28A398C70079226D /* UserUseCase.swift */ = {isa = PBXFileReference; lastKnownFileType = sourcecode.swift; path = UserUseCase.swift; sourceTree = "<group>"; };
		A1CA8CA528A39B3400C40642 /* UserRepositoriable.swift */ = {isa = PBXFileReference; lastKnownFileType = sourcecode.swift; path = UserRepositoriable.swift; sourceTree = "<group>"; };
		A1CA8CA728A39B4D00C40642 /* UserRepository.swift */ = {isa = PBXFileReference; lastKnownFileType = sourcecode.swift; path = UserRepository.swift; sourceTree = "<group>"; };
		A1CA8CA928A39B8A00C40642 /* UserStorage.swift */ = {isa = PBXFileReference; lastKnownFileType = sourcecode.swift; path = UserStorage.swift; sourceTree = "<group>"; };
		A1CA8CAB28A39BDC00C40642 /* UserListViewCoordinator.swift */ = {isa = PBXFileReference; lastKnownFileType = sourcecode.swift; path = UserListViewCoordinator.swift; sourceTree = "<group>"; };
		A1CA8CAD28A39CAF00C40642 /* UserSceneDIContainer.swift */ = {isa = PBXFileReference; lastKnownFileType = sourcecode.swift; path = UserSceneDIContainer.swift; sourceTree = "<group>"; };
		A1CA8CAF28A39FB600C40642 /* UserListView.swift */ = {isa = PBXFileReference; lastKnownFileType = sourcecode.swift; path = UserListView.swift; sourceTree = "<group>"; };
		A1CA8CB728A3E7BA00C40642 /* UserResponseDTO.swift */ = {isa = PBXFileReference; lastKnownFileType = sourcecode.swift; path = UserResponseDTO.swift; sourceTree = "<group>"; };
		A1CA8CBA28A3F31C00C40642 /* UserListTableViewCell.swift */ = {isa = PBXFileReference; lastKnownFileType = sourcecode.swift; path = UserListTableViewCell.swift; sourceTree = "<group>"; };
		A1CA8CBE28A3F37000C40642 /* UITableViewCell.swift */ = {isa = PBXFileReference; lastKnownFileType = sourcecode.swift; path = UITableViewCell.swift; sourceTree = "<group>"; };
		A1CA8CC028A3FBF300C40642 /* UIStackView.swift */ = {isa = PBXFileReference; lastKnownFileType = sourcecode.swift; path = UIStackView.swift; sourceTree = "<group>"; };
		A1CA8CC228A402DA00C40642 /* UserListCellViewModel.swift */ = {isa = PBXFileReference; lastKnownFileType = sourcecode.swift; path = UserListCellViewModel.swift; sourceTree = "<group>"; };
		A1CC0C5128A37C1F00C7D4B7 /* GithubUsers.app */ = {isa = PBXFileReference; explicitFileType = wrapper.application; includeInIndex = 0; path = GithubUsers.app; sourceTree = BUILT_PRODUCTS_DIR; };
		A1CC0C5428A37C1F00C7D4B7 /* AppDelegate.swift */ = {isa = PBXFileReference; lastKnownFileType = sourcecode.swift; path = AppDelegate.swift; sourceTree = "<group>"; };
		A1CC0C5628A37C1F00C7D4B7 /* SceneDelegate.swift */ = {isa = PBXFileReference; lastKnownFileType = sourcecode.swift; path = SceneDelegate.swift; sourceTree = "<group>"; };
		A1CC0C5D28A37C2100C7D4B7 /* Assets.xcassets */ = {isa = PBXFileReference; lastKnownFileType = folder.assetcatalog; path = Assets.xcassets; sourceTree = "<group>"; };
		A1CC0C6028A37C2100C7D4B7 /* Base */ = {isa = PBXFileReference; lastKnownFileType = file.storyboard; name = Base; path = Base.lproj/LaunchScreen.storyboard; sourceTree = "<group>"; };
		A1CC0C6228A37C2100C7D4B7 /* Info.plist */ = {isa = PBXFileReference; lastKnownFileType = text.plist.xml; path = Info.plist; sourceTree = "<group>"; };
		A1CC0C6728A37C2100C7D4B7 /* GithubUsersTests.xctest */ = {isa = PBXFileReference; explicitFileType = wrapper.cfbundle; includeInIndex = 0; path = GithubUsersTests.xctest; sourceTree = BUILT_PRODUCTS_DIR; };
		A1CC0C6B28A37C2100C7D4B7 /* GithubUsersTests.swift */ = {isa = PBXFileReference; lastKnownFileType = sourcecode.swift; path = GithubUsersTests.swift; sourceTree = "<group>"; };
		A1CC0C7128A37C2100C7D4B7 /* GithubUsersUITests.xctest */ = {isa = PBXFileReference; explicitFileType = wrapper.cfbundle; includeInIndex = 0; path = GithubUsersUITests.xctest; sourceTree = BUILT_PRODUCTS_DIR; };
		A1CC0C7528A37C2100C7D4B7 /* GithubUsersUITests.swift */ = {isa = PBXFileReference; lastKnownFileType = sourcecode.swift; path = GithubUsersUITests.swift; sourceTree = "<group>"; };
		A1CC0C7728A37C2100C7D4B7 /* GithubUsersUITestsLaunchTests.swift */ = {isa = PBXFileReference; lastKnownFileType = sourcecode.swift; path = GithubUsersUITestsLaunchTests.swift; sourceTree = "<group>"; };
/* End PBXFileReference section */

/* Begin PBXFrameworksBuildPhase section */
		A1CC0C4E28A37C1F00C7D4B7 /* Frameworks */ = {
			isa = PBXFrameworksBuildPhase;
			buildActionMask = 2147483647;
			files = (
				A1CA8CB528A3DC7C00C40642 /* RealmSwift in Frameworks */,
				A1CC0C8828A386B900C7D4B7 /* RxRelay-Dynamic in Frameworks */,
				A1CC0C8A28A386B900C7D4B7 /* RxSwift-Dynamic in Frameworks */,
				A1CC0C8628A386B900C7D4B7 /* RxCocoa-Dynamic in Frameworks */,
				A1CC0C8D28A386EE00C7D4B7 /* SnapKit-Dynamic in Frameworks */,
				A1CA8CB328A3DC7C00C40642 /* Realm in Frameworks */,
			);
			runOnlyForDeploymentPostprocessing = 0;
		};
		A1CC0C6428A37C2100C7D4B7 /* Frameworks */ = {
			isa = PBXFrameworksBuildPhase;
			buildActionMask = 2147483647;
			files = (
			);
			runOnlyForDeploymentPostprocessing = 0;
		};
		A1CC0C6E28A37C2100C7D4B7 /* Frameworks */ = {
			isa = PBXFrameworksBuildPhase;
			buildActionMask = 2147483647;
			files = (
			);
			runOnlyForDeploymentPostprocessing = 0;
		};
/* End PBXFrameworksBuildPhase section */

/* Begin PBXGroup section */
		A13B7F0028A394790079226D /* Application */ = {
			isa = PBXGroup;
			children = (
				A1CC0C5428A37C1F00C7D4B7 /* AppDelegate.swift */,
				A1CC0C5628A37C1F00C7D4B7 /* SceneDelegate.swift */,
				A13B7F1128A396520079226D /* AppCoordinator.swift */,
				A13B7F0D28A395E10079226D /* DIContainer */,
			);
			path = Application;
			sourceTree = "<group>";
		};
		A13B7F0128A394840079226D /* Resources */ = {
			isa = PBXGroup;
			children = (
				A1CC0C5D28A37C2100C7D4B7 /* Assets.xcassets */,
				A1CC0C5F28A37C2100C7D4B7 /* LaunchScreen.storyboard */,
				A1CC0C6228A37C2100C7D4B7 /* Info.plist */,
			);
			path = Resources;
			sourceTree = "<group>";
		};
		A13B7F0228A394D30079226D /* Presentation */ = {
			isa = PBXGroup;
			children = (
				A13B7F0528A3956E0079226D /* Coordinators */,
				A13B7F0728A3958C0079226D /* UserScenes */,
			);
			path = Presentation;
			sourceTree = "<group>";
		};
		A13B7F0328A394F70079226D /* Domain */ = {
			isa = PBXGroup;
			children = (
				A13B7F0828A3959C0079226D /* Entities */,
				A13B7F0928A395A00079226D /* UseCases */,
				A13B7F0A28A395AC0079226D /* RepositoryInterfaces */,
			);
			path = Domain;
			sourceTree = "<group>";
		};
		A13B7F0428A394FA0079226D /* Data */ = {
			isa = PBXGroup;
			children = (
				A13B7F0C28A395CA0079226D /* Repositories */,
				A1CA8CB628A3E76600C40642 /* ResponseDTO */,
				A13B7F0B28A395C10079226D /* Storages */,
			);
			path = Data;
			sourceTree = "<group>";
		};
		A13B7F0528A3956E0079226D /* Coordinators */ = {
			isa = PBXGroup;
			children = (
				A1CA8CAB28A39BDC00C40642 /* UserListViewCoordinator.swift */,
			);
			path = Coordinators;
			sourceTree = "<group>";
		};
		A13B7F0728A3958C0079226D /* UserScenes */ = {
			isa = PBXGroup;
			children = (
				A13B7F1328A397E00079226D /* UserList */,
			);
			path = UserScenes;
			sourceTree = "<group>";
		};
		A13B7F0828A3959C0079226D /* Entities */ = {
			isa = PBXGroup;
			children = (
				A13B7F1A28A398750079226D /* User.swift */,
			);
			path = Entities;
			sourceTree = "<group>";
		};
		A13B7F0928A395A00079226D /* UseCases */ = {
			isa = PBXGroup;
			children = (
				A13B7F1C28A398C70079226D /* UserUseCase.swift */,
			);
			path = UseCases;
			sourceTree = "<group>";
		};
		A13B7F0A28A395AC0079226D /* RepositoryInterfaces */ = {
			isa = PBXGroup;
			children = (
				A1CA8CA528A39B3400C40642 /* UserRepositoriable.swift */,
			);
			path = RepositoryInterfaces;
			sourceTree = "<group>";
		};
		A13B7F0B28A395C10079226D /* Storages */ = {
			isa = PBXGroup;
			children = (
				A1CA8CA928A39B8A00C40642 /* UserStorage.swift */,
			);
			path = Storages;
			sourceTree = "<group>";
		};
		A13B7F0C28A395CA0079226D /* Repositories */ = {
			isa = PBXGroup;
			children = (
				A1CA8CA728A39B4D00C40642 /* UserRepository.swift */,
			);
			path = Repositories;
			sourceTree = "<group>";
		};
		A13B7F0D28A395E10079226D /* DIContainer */ = {
			isa = PBXGroup;
			children = (
				A13B7F0F28A395FE0079226D /* AppDIContainer.swift */,
				A13B7F0E28A395EC0079226D /* UserScene */,
			);
			path = DIContainer;
			sourceTree = "<group>";
		};
		A13B7F0E28A395EC0079226D /* UserScene */ = {
			isa = PBXGroup;
			children = (
				A1CA8CAD28A39CAF00C40642 /* UserSceneDIContainer.swift */,
			);
			path = UserScene;
			sourceTree = "<group>";
		};
		A13B7F1328A397E00079226D /* UserList */ = {
			isa = PBXGroup;
			children = (
				A13B7F1528A397F30079226D /* View */,
				A13B7F1428A397ED0079226D /* ViewModel */,
			);
			path = UserList;
			sourceTree = "<group>";
		};
		A13B7F1428A397ED0079226D /* ViewModel */ = {
			isa = PBXGroup;
			children = (
				A13B7F1628A397FF0079226D /* UserListViewModel.swift */,
				A1CA8CC228A402DA00C40642 /* UserListCellViewModel.swift */,
			);
			path = ViewModel;
			sourceTree = "<group>";
		};
		A13B7F1528A397F30079226D /* View */ = {
			isa = PBXGroup;
			children = (
				A1CA8CB928A3F30300C40642 /* Cell */,
				A13B7F1828A3981B0079226D /* UserListViewController.swift */,
				A1CA8CAF28A39FB600C40642 /* UserListView.swift */,
			);
			path = View;
			sourceTree = "<group>";
		};
		A1CA8CB628A3E76600C40642 /* ResponseDTO */ = {
			isa = PBXGroup;
			children = (
				A1CA8CB728A3E7BA00C40642 /* UserResponseDTO.swift */,
			);
			path = ResponseDTO;
			sourceTree = "<group>";
		};
		A1CA8CB928A3F30300C40642 /* Cell */ = {
			isa = PBXGroup;
			children = (
				A1CA8CBA28A3F31C00C40642 /* UserListTableViewCell.swift */,
			);
			path = Cell;
			sourceTree = "<group>";
		};
		A1CA8CBC28A3F34500C40642 /* Common */ = {
			isa = PBXGroup;
			children = (
				A1CA8CBD28A3F36200C40642 /* Extensions */,
			);
			path = Common;
			sourceTree = "<group>";
		};
		A1CA8CBD28A3F36200C40642 /* Extensions */ = {
			isa = PBXGroup;
			children = (
				A1CA8CBE28A3F37000C40642 /* UITableViewCell.swift */,
				A1CA8CC028A3FBF300C40642 /* UIStackView.swift */,
			);
			path = Extensions;
			sourceTree = "<group>";
		};
		A1CC0C4828A37C1F00C7D4B7 = {
			isa = PBXGroup;
			children = (
				A1CC0C5328A37C1F00C7D4B7 /* GithubUsers */,
				A1CC0C6A28A37C2100C7D4B7 /* GithubUsersTests */,
				A1CC0C7428A37C2100C7D4B7 /* GithubUsersUITests */,
				A1CC0C5228A37C1F00C7D4B7 /* Products */,
			);
			sourceTree = "<group>";
		};
		A1CC0C5228A37C1F00C7D4B7 /* Products */ = {
			isa = PBXGroup;
			children = (
				A1CC0C5128A37C1F00C7D4B7 /* GithubUsers.app */,
				A1CC0C6728A37C2100C7D4B7 /* GithubUsersTests.xctest */,
				A1CC0C7128A37C2100C7D4B7 /* GithubUsersUITests.xctest */,
			);
			name = Products;
			sourceTree = "<group>";
		};
		A1CC0C5328A37C1F00C7D4B7 /* GithubUsers */ = {
			isa = PBXGroup;
			children = (
				A13B7F0028A394790079226D /* Application */,
				A13B7F0228A394D30079226D /* Presentation */,
				A13B7F0328A394F70079226D /* Domain */,
				A13B7F0428A394FA0079226D /* Data */,
				A1CA8CBC28A3F34500C40642 /* Common */,
				A13B7F0128A394840079226D /* Resources */,
			);
			path = GithubUsers;
			sourceTree = "<group>";
		};
		A1CC0C6A28A37C2100C7D4B7 /* GithubUsersTests */ = {
			isa = PBXGroup;
			children = (
				A1CC0C6B28A37C2100C7D4B7 /* GithubUsersTests.swift */,
			);
			path = GithubUsersTests;
			sourceTree = "<group>";
		};
		A1CC0C7428A37C2100C7D4B7 /* GithubUsersUITests */ = {
			isa = PBXGroup;
			children = (
				A1CC0C7528A37C2100C7D4B7 /* GithubUsersUITests.swift */,
				A1CC0C7728A37C2100C7D4B7 /* GithubUsersUITestsLaunchTests.swift */,
			);
			path = GithubUsersUITests;
			sourceTree = "<group>";
		};
/* End PBXGroup section */

/* Begin PBXNativeTarget section */
		A1CC0C5028A37C1F00C7D4B7 /* GithubUsers */ = {
			isa = PBXNativeTarget;
			buildConfigurationList = A1CC0C7B28A37C2100C7D4B7 /* Build configuration list for PBXNativeTarget "GithubUsers" */;
			buildPhases = (
				A1CC0C4D28A37C1F00C7D4B7 /* Sources */,
				A1CC0C4E28A37C1F00C7D4B7 /* Frameworks */,
				A1CC0C4F28A37C1F00C7D4B7 /* Resources */,
			);
			buildRules = (
			);
			dependencies = (
			);
			name = GithubUsers;
			packageProductDependencies = (
				A1CC0C8528A386B900C7D4B7 /* RxCocoa-Dynamic */,
				A1CC0C8728A386B900C7D4B7 /* RxRelay-Dynamic */,
				A1CC0C8928A386B900C7D4B7 /* RxSwift-Dynamic */,
				A1CC0C8C28A386EE00C7D4B7 /* SnapKit-Dynamic */,
				A1CA8CB228A3DC7C00C40642 /* Realm */,
				A1CA8CB428A3DC7C00C40642 /* RealmSwift */,
			);
			productName = GithubUsers;
			productReference = A1CC0C5128A37C1F00C7D4B7 /* GithubUsers.app */;
			productType = "com.apple.product-type.application";
		};
		A1CC0C6628A37C2100C7D4B7 /* GithubUsersTests */ = {
			isa = PBXNativeTarget;
			buildConfigurationList = A1CC0C7E28A37C2100C7D4B7 /* Build configuration list for PBXNativeTarget "GithubUsersTests" */;
			buildPhases = (
				A1CC0C6328A37C2100C7D4B7 /* Sources */,
				A1CC0C6428A37C2100C7D4B7 /* Frameworks */,
				A1CC0C6528A37C2100C7D4B7 /* Resources */,
			);
			buildRules = (
			);
			dependencies = (
				A1CC0C6928A37C2100C7D4B7 /* PBXTargetDependency */,
			);
			name = GithubUsersTests;
			productName = GithubUsersTests;
			productReference = A1CC0C6728A37C2100C7D4B7 /* GithubUsersTests.xctest */;
			productType = "com.apple.product-type.bundle.unit-test";
		};
		A1CC0C7028A37C2100C7D4B7 /* GithubUsersUITests */ = {
			isa = PBXNativeTarget;
			buildConfigurationList = A1CC0C8128A37C2100C7D4B7 /* Build configuration list for PBXNativeTarget "GithubUsersUITests" */;
			buildPhases = (
				A1CC0C6D28A37C2100C7D4B7 /* Sources */,
				A1CC0C6E28A37C2100C7D4B7 /* Frameworks */,
				A1CC0C6F28A37C2100C7D4B7 /* Resources */,
			);
			buildRules = (
			);
			dependencies = (
				A1CC0C7328A37C2100C7D4B7 /* PBXTargetDependency */,
			);
			name = GithubUsersUITests;
			productName = GithubUsersUITests;
			productReference = A1CC0C7128A37C2100C7D4B7 /* GithubUsersUITests.xctest */;
			productType = "com.apple.product-type.bundle.ui-testing";
		};
/* End PBXNativeTarget section */

/* Begin PBXProject section */
		A1CC0C4928A37C1F00C7D4B7 /* Project object */ = {
			isa = PBXProject;
			attributes = {
				BuildIndependentTargetsInParallel = 1;
				LastSwiftUpdateCheck = 1340;
				LastUpgradeCheck = 1340;
				TargetAttributes = {
					A1CC0C5028A37C1F00C7D4B7 = {
						CreatedOnToolsVersion = 13.4;
					};
					A1CC0C6628A37C2100C7D4B7 = {
						CreatedOnToolsVersion = 13.4;
						TestTargetID = A1CC0C5028A37C1F00C7D4B7;
					};
					A1CC0C7028A37C2100C7D4B7 = {
						CreatedOnToolsVersion = 13.4;
						TestTargetID = A1CC0C5028A37C1F00C7D4B7;
					};
				};
			};
			buildConfigurationList = A1CC0C4C28A37C1F00C7D4B7 /* Build configuration list for PBXProject "GithubUsers" */;
			compatibilityVersion = "Xcode 13.0";
			developmentRegion = en;
			hasScannedForEncodings = 0;
			knownRegions = (
				en,
				Base,
			);
			mainGroup = A1CC0C4828A37C1F00C7D4B7;
			packageReferences = (
				A1CC0C8428A386B900C7D4B7 /* XCRemoteSwiftPackageReference "RxSwift" */,
				A1CC0C8B28A386EE00C7D4B7 /* XCRemoteSwiftPackageReference "SnapKit" */,
				A1CA8CB128A3DC7C00C40642 /* XCRemoteSwiftPackageReference "realm-swift" */,
			);
			productRefGroup = A1CC0C5228A37C1F00C7D4B7 /* Products */;
			projectDirPath = "";
			projectRoot = "";
			targets = (
				A1CC0C5028A37C1F00C7D4B7 /* GithubUsers */,
				A1CC0C6628A37C2100C7D4B7 /* GithubUsersTests */,
				A1CC0C7028A37C2100C7D4B7 /* GithubUsersUITests */,
			);
		};
/* End PBXProject section */

/* Begin PBXResourcesBuildPhase section */
		A1CC0C4F28A37C1F00C7D4B7 /* Resources */ = {
			isa = PBXResourcesBuildPhase;
			buildActionMask = 2147483647;
			files = (
				A1CC0C6128A37C2100C7D4B7 /* LaunchScreen.storyboard in Resources */,
				A1CC0C5E28A37C2100C7D4B7 /* Assets.xcassets in Resources */,
			);
			runOnlyForDeploymentPostprocessing = 0;
		};
		A1CC0C6528A37C2100C7D4B7 /* Resources */ = {
			isa = PBXResourcesBuildPhase;
			buildActionMask = 2147483647;
			files = (
			);
			runOnlyForDeploymentPostprocessing = 0;
		};
		A1CC0C6F28A37C2100C7D4B7 /* Resources */ = {
			isa = PBXResourcesBuildPhase;
			buildActionMask = 2147483647;
			files = (
			);
			runOnlyForDeploymentPostprocessing = 0;
		};
/* End PBXResourcesBuildPhase section */

/* Begin PBXSourcesBuildPhase section */
		A1CC0C4D28A37C1F00C7D4B7 /* Sources */ = {
			isa = PBXSourcesBuildPhase;
			buildActionMask = 2147483647;
			files = (
				A1CA8CB828A3E7BA00C40642 /* UserResponseDTO.swift in Sources */,
				A1CA8CC328A402DA00C40642 /* UserListCellViewModel.swift in Sources */,
				A1CA8CC128A3FBF300C40642 /* UIStackView.swift in Sources */,
				A1CA8CAE28A39CAF00C40642 /* UserSceneDIContainer.swift in Sources */,
				A13B7F1028A395FE0079226D /* AppDIContainer.swift in Sources */,
				A13B7F1228A396520079226D /* AppCoordinator.swift in Sources */,
				A1CA8CBB28A3F31C00C40642 /* UserListTableViewCell.swift in Sources */,
				A1CC0C5528A37C1F00C7D4B7 /* AppDelegate.swift in Sources */,
				A1CA8CAA28A39B8A00C40642 /* UserStorage.swift in Sources */,
				A13B7F1728A397FF0079226D /* UserListViewModel.swift in Sources */,
				A13B7F1D28A398C70079226D /* UserUseCase.swift in Sources */,
				A1CA8CB028A39FB600C40642 /* UserListView.swift in Sources */,
				A1CA8CAC28A39BDC00C40642 /* UserListViewCoordinator.swift in Sources */,
				A1CC0C5728A37C1F00C7D4B7 /* SceneDelegate.swift in Sources */,
				A13B7F1928A3981B0079226D /* UserListViewController.swift in Sources */,
				A13B7F1B28A398750079226D /* User.swift in Sources */,
				A1CA8CA828A39B4D00C40642 /* UserRepository.swift in Sources */,
				A1CA8CA628A39B3400C40642 /* UserRepositoriable.swift in Sources */,
				A1CA8CBF28A3F37000C40642 /* UITableViewCell.swift in Sources */,
			);
			runOnlyForDeploymentPostprocessing = 0;
		};
		A1CC0C6328A37C2100C7D4B7 /* Sources */ = {
			isa = PBXSourcesBuildPhase;
			buildActionMask = 2147483647;
			files = (
				A1CC0C6C28A37C2100C7D4B7 /* GithubUsersTests.swift in Sources */,
			);
			runOnlyForDeploymentPostprocessing = 0;
		};
		A1CC0C6D28A37C2100C7D4B7 /* Sources */ = {
			isa = PBXSourcesBuildPhase;
			buildActionMask = 2147483647;
			files = (
				A1CC0C7828A37C2100C7D4B7 /* GithubUsersUITestsLaunchTests.swift in Sources */,
				A1CC0C7628A37C2100C7D4B7 /* GithubUsersUITests.swift in Sources */,
			);
			runOnlyForDeploymentPostprocessing = 0;
		};
/* End PBXSourcesBuildPhase section */

/* Begin PBXTargetDependency section */
		A1CC0C6928A37C2100C7D4B7 /* PBXTargetDependency */ = {
			isa = PBXTargetDependency;
			target = A1CC0C5028A37C1F00C7D4B7 /* GithubUsers */;
			targetProxy = A1CC0C6828A37C2100C7D4B7 /* PBXContainerItemProxy */;
		};
		A1CC0C7328A37C2100C7D4B7 /* PBXTargetDependency */ = {
			isa = PBXTargetDependency;
			target = A1CC0C5028A37C1F00C7D4B7 /* GithubUsers */;
			targetProxy = A1CC0C7228A37C2100C7D4B7 /* PBXContainerItemProxy */;
		};
/* End PBXTargetDependency section */

/* Begin PBXVariantGroup section */
		A1CC0C5F28A37C2100C7D4B7 /* LaunchScreen.storyboard */ = {
			isa = PBXVariantGroup;
			children = (
				A1CC0C6028A37C2100C7D4B7 /* Base */,
			);
			name = LaunchScreen.storyboard;
			sourceTree = "<group>";
		};
/* End PBXVariantGroup section */

/* Begin XCBuildConfiguration section */
		A1CC0C7928A37C2100C7D4B7 /* Debug */ = {
			isa = XCBuildConfiguration;
			buildSettings = {
				ALWAYS_SEARCH_USER_PATHS = NO;
				CLANG_ANALYZER_NONNULL = YES;
				CLANG_ANALYZER_NUMBER_OBJECT_CONVERSION = YES_AGGRESSIVE;
				CLANG_CXX_LANGUAGE_STANDARD = "gnu++17";
				CLANG_ENABLE_MODULES = YES;
				CLANG_ENABLE_OBJC_ARC = YES;
				CLANG_ENABLE_OBJC_WEAK = YES;
				CLANG_WARN_BLOCK_CAPTURE_AUTORELEASING = YES;
				CLANG_WARN_BOOL_CONVERSION = YES;
				CLANG_WARN_COMMA = YES;
				CLANG_WARN_CONSTANT_CONVERSION = YES;
				CLANG_WARN_DEPRECATED_OBJC_IMPLEMENTATIONS = YES;
				CLANG_WARN_DIRECT_OBJC_ISA_USAGE = YES_ERROR;
				CLANG_WARN_DOCUMENTATION_COMMENTS = YES;
				CLANG_WARN_EMPTY_BODY = YES;
				CLANG_WARN_ENUM_CONVERSION = YES;
				CLANG_WARN_INFINITE_RECURSION = YES;
				CLANG_WARN_INT_CONVERSION = YES;
				CLANG_WARN_NON_LITERAL_NULL_CONVERSION = YES;
				CLANG_WARN_OBJC_IMPLICIT_RETAIN_SELF = YES;
				CLANG_WARN_OBJC_LITERAL_CONVERSION = YES;
				CLANG_WARN_OBJC_ROOT_CLASS = YES_ERROR;
				CLANG_WARN_QUOTED_INCLUDE_IN_FRAMEWORK_HEADER = YES;
				CLANG_WARN_RANGE_LOOP_ANALYSIS = YES;
				CLANG_WARN_STRICT_PROTOTYPES = YES;
				CLANG_WARN_SUSPICIOUS_MOVE = YES;
				CLANG_WARN_UNGUARDED_AVAILABILITY = YES_AGGRESSIVE;
				CLANG_WARN_UNREACHABLE_CODE = YES;
				CLANG_WARN__DUPLICATE_METHOD_MATCH = YES;
				COPY_PHASE_STRIP = NO;
				DEBUG_INFORMATION_FORMAT = dwarf;
				ENABLE_STRICT_OBJC_MSGSEND = YES;
				ENABLE_TESTABILITY = YES;
				GCC_C_LANGUAGE_STANDARD = gnu11;
				GCC_DYNAMIC_NO_PIC = NO;
				GCC_NO_COMMON_BLOCKS = YES;
				GCC_OPTIMIZATION_LEVEL = 0;
				GCC_PREPROCESSOR_DEFINITIONS = (
					"DEBUG=1",
					"$(inherited)",
				);
				GCC_WARN_64_TO_32_BIT_CONVERSION = YES;
				GCC_WARN_ABOUT_RETURN_TYPE = YES_ERROR;
				GCC_WARN_UNDECLARED_SELECTOR = YES;
				GCC_WARN_UNINITIALIZED_AUTOS = YES_AGGRESSIVE;
				GCC_WARN_UNUSED_FUNCTION = YES;
				GCC_WARN_UNUSED_VARIABLE = YES;
				IPHONEOS_DEPLOYMENT_TARGET = 13.0;
				MTL_ENABLE_DEBUG_INFO = INCLUDE_SOURCE;
				MTL_FAST_MATH = YES;
				ONLY_ACTIVE_ARCH = YES;
				SDKROOT = iphoneos;
				SWIFT_ACTIVE_COMPILATION_CONDITIONS = DEBUG;
				SWIFT_OPTIMIZATION_LEVEL = "-Onone";
			};
			name = Debug;
		};
		A1CC0C7A28A37C2100C7D4B7 /* Release */ = {
			isa = XCBuildConfiguration;
			buildSettings = {
				ALWAYS_SEARCH_USER_PATHS = NO;
				CLANG_ANALYZER_NONNULL = YES;
				CLANG_ANALYZER_NUMBER_OBJECT_CONVERSION = YES_AGGRESSIVE;
				CLANG_CXX_LANGUAGE_STANDARD = "gnu++17";
				CLANG_ENABLE_MODULES = YES;
				CLANG_ENABLE_OBJC_ARC = YES;
				CLANG_ENABLE_OBJC_WEAK = YES;
				CLANG_WARN_BLOCK_CAPTURE_AUTORELEASING = YES;
				CLANG_WARN_BOOL_CONVERSION = YES;
				CLANG_WARN_COMMA = YES;
				CLANG_WARN_CONSTANT_CONVERSION = YES;
				CLANG_WARN_DEPRECATED_OBJC_IMPLEMENTATIONS = YES;
				CLANG_WARN_DIRECT_OBJC_ISA_USAGE = YES_ERROR;
				CLANG_WARN_DOCUMENTATION_COMMENTS = YES;
				CLANG_WARN_EMPTY_BODY = YES;
				CLANG_WARN_ENUM_CONVERSION = YES;
				CLANG_WARN_INFINITE_RECURSION = YES;
				CLANG_WARN_INT_CONVERSION = YES;
				CLANG_WARN_NON_LITERAL_NULL_CONVERSION = YES;
				CLANG_WARN_OBJC_IMPLICIT_RETAIN_SELF = YES;
				CLANG_WARN_OBJC_LITERAL_CONVERSION = YES;
				CLANG_WARN_OBJC_ROOT_CLASS = YES_ERROR;
				CLANG_WARN_QUOTED_INCLUDE_IN_FRAMEWORK_HEADER = YES;
				CLANG_WARN_RANGE_LOOP_ANALYSIS = YES;
				CLANG_WARN_STRICT_PROTOTYPES = YES;
				CLANG_WARN_SUSPICIOUS_MOVE = YES;
				CLANG_WARN_UNGUARDED_AVAILABILITY = YES_AGGRESSIVE;
				CLANG_WARN_UNREACHABLE_CODE = YES;
				CLANG_WARN__DUPLICATE_METHOD_MATCH = YES;
				COPY_PHASE_STRIP = NO;
				DEBUG_INFORMATION_FORMAT = "dwarf-with-dsym";
				ENABLE_NS_ASSERTIONS = NO;
				ENABLE_STRICT_OBJC_MSGSEND = YES;
				GCC_C_LANGUAGE_STANDARD = gnu11;
				GCC_NO_COMMON_BLOCKS = YES;
				GCC_WARN_64_TO_32_BIT_CONVERSION = YES;
				GCC_WARN_ABOUT_RETURN_TYPE = YES_ERROR;
				GCC_WARN_UNDECLARED_SELECTOR = YES;
				GCC_WARN_UNINITIALIZED_AUTOS = YES_AGGRESSIVE;
				GCC_WARN_UNUSED_FUNCTION = YES;
				GCC_WARN_UNUSED_VARIABLE = YES;
				IPHONEOS_DEPLOYMENT_TARGET = 13.0;
				MTL_ENABLE_DEBUG_INFO = NO;
				MTL_FAST_MATH = YES;
				SDKROOT = iphoneos;
				SWIFT_COMPILATION_MODE = wholemodule;
				SWIFT_OPTIMIZATION_LEVEL = "-O";
				VALIDATE_PRODUCT = YES;
			};
			name = Release;
		};
		A1CC0C7C28A37C2100C7D4B7 /* Debug */ = {
			isa = XCBuildConfiguration;
			buildSettings = {
				ASSETCATALOG_COMPILER_APPICON_NAME = AppIcon;
				ASSETCATALOG_COMPILER_GLOBAL_ACCENT_COLOR_NAME = AccentColor;
				CODE_SIGN_STYLE = Automatic;
				CURRENT_PROJECT_VERSION = 1;
				DEVELOPMENT_TEAM = 8C8Y42HXM4;
				GENERATE_INFOPLIST_FILE = YES;
				INFOPLIST_FILE = GithubUsers/Resources/Info.plist;
				INFOPLIST_KEY_UIApplicationSupportsIndirectInputEvents = YES;
				INFOPLIST_KEY_UILaunchStoryboardName = LaunchScreen;
				INFOPLIST_KEY_UISupportedInterfaceOrientations_iPad = "UIInterfaceOrientationPortrait UIInterfaceOrientationPortraitUpsideDown UIInterfaceOrientationLandscapeLeft UIInterfaceOrientationLandscapeRight";
				INFOPLIST_KEY_UISupportedInterfaceOrientations_iPhone = "UIInterfaceOrientationPortrait UIInterfaceOrientationLandscapeLeft UIInterfaceOrientationLandscapeRight";
				IPHONEOS_DEPLOYMENT_TARGET = 13.0;
				LD_RUNPATH_SEARCH_PATHS = (
					"$(inherited)",
					"@executable_path/Frameworks",
				);
				MARKETING_VERSION = 1.0;
				PRODUCT_BUNDLE_IDENTIFIER = com.Mino.GithubUsers;
				PRODUCT_NAME = "$(TARGET_NAME)";
				SWIFT_EMIT_LOC_STRINGS = YES;
				SWIFT_VERSION = 5.0;
				TARGETED_DEVICE_FAMILY = 1;
			};
			name = Debug;
		};
		A1CC0C7D28A37C2100C7D4B7 /* Release */ = {
			isa = XCBuildConfiguration;
			buildSettings = {
				ASSETCATALOG_COMPILER_APPICON_NAME = AppIcon;
				ASSETCATALOG_COMPILER_GLOBAL_ACCENT_COLOR_NAME = AccentColor;
				CODE_SIGN_STYLE = Automatic;
				CURRENT_PROJECT_VERSION = 1;
				DEVELOPMENT_TEAM = 8C8Y42HXM4;
				GENERATE_INFOPLIST_FILE = YES;
				INFOPLIST_FILE = GithubUsers/Resources/Info.plist;
				INFOPLIST_KEY_UIApplicationSupportsIndirectInputEvents = YES;
				INFOPLIST_KEY_UILaunchStoryboardName = LaunchScreen;
				INFOPLIST_KEY_UISupportedInterfaceOrientations_iPad = "UIInterfaceOrientationPortrait UIInterfaceOrientationPortraitUpsideDown UIInterfaceOrientationLandscapeLeft UIInterfaceOrientationLandscapeRight";
				INFOPLIST_KEY_UISupportedInterfaceOrientations_iPhone = "UIInterfaceOrientationPortrait UIInterfaceOrientationLandscapeLeft UIInterfaceOrientationLandscapeRight";
				IPHONEOS_DEPLOYMENT_TARGET = 13.0;
				LD_RUNPATH_SEARCH_PATHS = (
					"$(inherited)",
					"@executable_path/Frameworks",
				);
				MARKETING_VERSION = 1.0;
				PRODUCT_BUNDLE_IDENTIFIER = com.Mino.GithubUsers;
				PRODUCT_NAME = "$(TARGET_NAME)";
				SWIFT_EMIT_LOC_STRINGS = YES;
				SWIFT_VERSION = 5.0;
				TARGETED_DEVICE_FAMILY = 1;
			};
			name = Release;
		};
		A1CC0C7F28A37C2100C7D4B7 /* Debug */ = {
			isa = XCBuildConfiguration;
			buildSettings = {
				ALWAYS_EMBED_SWIFT_STANDARD_LIBRARIES = YES;
				BUNDLE_LOADER = "$(TEST_HOST)";
				CODE_SIGN_STYLE = Automatic;
				CURRENT_PROJECT_VERSION = 1;
				DEVELOPMENT_TEAM = 8C8Y42HXM4;
				GENERATE_INFOPLIST_FILE = YES;
				IPHONEOS_DEPLOYMENT_TARGET = 15.5;
				MARKETING_VERSION = 1.0;
				PRODUCT_BUNDLE_IDENTIFIER = com.Mino.GithubUsersTests;
				PRODUCT_NAME = "$(TARGET_NAME)";
				SWIFT_EMIT_LOC_STRINGS = NO;
				SWIFT_VERSION = 5.0;
				TARGETED_DEVICE_FAMILY = "1,2";
				TEST_HOST = "$(BUILT_PRODUCTS_DIR)/GithubUsers.app/GithubUsers";
			};
			name = Debug;
		};
		A1CC0C8028A37C2100C7D4B7 /* Release */ = {
			isa = XCBuildConfiguration;
			buildSettings = {
				ALWAYS_EMBED_SWIFT_STANDARD_LIBRARIES = YES;
				BUNDLE_LOADER = "$(TEST_HOST)";
				CODE_SIGN_STYLE = Automatic;
				CURRENT_PROJECT_VERSION = 1;
				DEVELOPMENT_TEAM = 8C8Y42HXM4;
				GENERATE_INFOPLIST_FILE = YES;
				IPHONEOS_DEPLOYMENT_TARGET = 15.5;
				MARKETING_VERSION = 1.0;
				PRODUCT_BUNDLE_IDENTIFIER = com.Mino.GithubUsersTests;
				PRODUCT_NAME = "$(TARGET_NAME)";
				SWIFT_EMIT_LOC_STRINGS = NO;
				SWIFT_VERSION = 5.0;
				TARGETED_DEVICE_FAMILY = "1,2";
				TEST_HOST = "$(BUILT_PRODUCTS_DIR)/GithubUsers.app/GithubUsers";
			};
			name = Release;
		};
		A1CC0C8228A37C2100C7D4B7 /* Debug */ = {
			isa = XCBuildConfiguration;
			buildSettings = {
				ALWAYS_EMBED_SWIFT_STANDARD_LIBRARIES = YES;
				CODE_SIGN_STYLE = Automatic;
				CURRENT_PROJECT_VERSION = 1;
				DEVELOPMENT_TEAM = 8C8Y42HXM4;
				GENERATE_INFOPLIST_FILE = YES;
				MARKETING_VERSION = 1.0;
				PRODUCT_BUNDLE_IDENTIFIER = com.Mino.GithubUsersUITests;
				PRODUCT_NAME = "$(TARGET_NAME)";
				SWIFT_EMIT_LOC_STRINGS = NO;
				SWIFT_VERSION = 5.0;
				TARGETED_DEVICE_FAMILY = "1,2";
				TEST_TARGET_NAME = GithubUsers;
			};
			name = Debug;
		};
		A1CC0C8328A37C2100C7D4B7 /* Release */ = {
			isa = XCBuildConfiguration;
			buildSettings = {
				ALWAYS_EMBED_SWIFT_STANDARD_LIBRARIES = YES;
				CODE_SIGN_STYLE = Automatic;
				CURRENT_PROJECT_VERSION = 1;
				DEVELOPMENT_TEAM = 8C8Y42HXM4;
				GENERATE_INFOPLIST_FILE = YES;
				MARKETING_VERSION = 1.0;
				PRODUCT_BUNDLE_IDENTIFIER = com.Mino.GithubUsersUITests;
				PRODUCT_NAME = "$(TARGET_NAME)";
				SWIFT_EMIT_LOC_STRINGS = NO;
				SWIFT_VERSION = 5.0;
				TARGETED_DEVICE_FAMILY = "1,2";
				TEST_TARGET_NAME = GithubUsers;
			};
			name = Release;
		};
/* End XCBuildConfiguration section */

/* Begin XCConfigurationList section */
		A1CC0C4C28A37C1F00C7D4B7 /* Build configuration list for PBXProject "GithubUsers" */ = {
			isa = XCConfigurationList;
			buildConfigurations = (
				A1CC0C7928A37C2100C7D4B7 /* Debug */,
				A1CC0C7A28A37C2100C7D4B7 /* Release */,
			);
			defaultConfigurationIsVisible = 0;
			defaultConfigurationName = Release;
		};
		A1CC0C7B28A37C2100C7D4B7 /* Build configuration list for PBXNativeTarget "GithubUsers" */ = {
			isa = XCConfigurationList;
			buildConfigurations = (
				A1CC0C7C28A37C2100C7D4B7 /* Debug */,
				A1CC0C7D28A37C2100C7D4B7 /* Release */,
			);
			defaultConfigurationIsVisible = 0;
			defaultConfigurationName = Release;
		};
		A1CC0C7E28A37C2100C7D4B7 /* Build configuration list for PBXNativeTarget "GithubUsersTests" */ = {
			isa = XCConfigurationList;
			buildConfigurations = (
				A1CC0C7F28A37C2100C7D4B7 /* Debug */,
				A1CC0C8028A37C2100C7D4B7 /* Release */,
			);
			defaultConfigurationIsVisible = 0;
			defaultConfigurationName = Release;
		};
		A1CC0C8128A37C2100C7D4B7 /* Build configuration list for PBXNativeTarget "GithubUsersUITests" */ = {
			isa = XCConfigurationList;
			buildConfigurations = (
				A1CC0C8228A37C2100C7D4B7 /* Debug */,
				A1CC0C8328A37C2100C7D4B7 /* Release */,
			);
			defaultConfigurationIsVisible = 0;
			defaultConfigurationName = Release;
		};
/* End XCConfigurationList section */

/* Begin XCRemoteSwiftPackageReference section */
		A1CA8CB128A3DC7C00C40642 /* XCRemoteSwiftPackageReference "realm-swift" */ = {
			isa = XCRemoteSwiftPackageReference;
			repositoryURL = "https://github.com/realm/realm-swift";
			requirement = {
				kind = exactVersion;
				version = 10.28.5;
			};
		};
		A1CC0C8428A386B900C7D4B7 /* XCRemoteSwiftPackageReference "RxSwift" */ = {
			isa = XCRemoteSwiftPackageReference;
			repositoryURL = "https://github.com/ReactiveX/RxSwift";
			requirement = {
				kind = exactVersion;
				version = 6.5.0;
			};
		};
		A1CC0C8B28A386EE00C7D4B7 /* XCRemoteSwiftPackageReference "SnapKit" */ = {
			isa = XCRemoteSwiftPackageReference;
			repositoryURL = "https://github.com/SnapKit/SnapKit";
			requirement = {
				kind = exactVersion;
				version = 5.6.0;
			};
		};
/* End XCRemoteSwiftPackageReference section */

/* Begin XCSwiftPackageProductDependency section */
		A1CA8CB228A3DC7C00C40642 /* Realm */ = {
			isa = XCSwiftPackageProductDependency;
			package = A1CA8CB128A3DC7C00C40642 /* XCRemoteSwiftPackageReference "realm-swift" */;
			productName = Realm;
		};
		A1CA8CB428A3DC7C00C40642 /* RealmSwift */ = {
			isa = XCSwiftPackageProductDependency;
			package = A1CA8CB128A3DC7C00C40642 /* XCRemoteSwiftPackageReference "realm-swift" */;
			productName = RealmSwift;
		};
		A1CC0C8528A386B900C7D4B7 /* RxCocoa-Dynamic */ = {
			isa = XCSwiftPackageProductDependency;
			package = A1CC0C8428A386B900C7D4B7 /* XCRemoteSwiftPackageReference "RxSwift" */;
			productName = "RxCocoa-Dynamic";
		};
		A1CC0C8728A386B900C7D4B7 /* RxRelay-Dynamic */ = {
			isa = XCSwiftPackageProductDependency;
			package = A1CC0C8428A386B900C7D4B7 /* XCRemoteSwiftPackageReference "RxSwift" */;
			productName = "RxRelay-Dynamic";
		};
		A1CC0C8928A386B900C7D4B7 /* RxSwift-Dynamic */ = {
			isa = XCSwiftPackageProductDependency;
			package = A1CC0C8428A386B900C7D4B7 /* XCRemoteSwiftPackageReference "RxSwift" */;
			productName = "RxSwift-Dynamic";
		};
		A1CC0C8C28A386EE00C7D4B7 /* SnapKit-Dynamic */ = {
			isa = XCSwiftPackageProductDependency;
			package = A1CC0C8B28A386EE00C7D4B7 /* XCRemoteSwiftPackageReference "SnapKit" */;
			productName = "SnapKit-Dynamic";
		};
/* End XCSwiftPackageProductDependency section */
	};
	rootObject = A1CC0C4928A37C1F00C7D4B7 /* Project object */;
}
